# THIS IS AN AUTOGENERATED FILE. DO NOT EDIT THIS FILE DIRECTLY.
# yarn lockfile v1


configstore@^4.0.0:
  version "4.0.0"
  resolved "https://registry.npm.taobao.org/configstore/download/configstore-4.0.0.tgz#5933311e95d3687efb592c528b922d9262d227e7"
  integrity sha1-WTMxHpXTaH77WSxSi5ItkmLSJ+c=
  dependencies:
    dot-prop "^4.1.0"
    graceful-fs "^4.1.2"
    make-dir "^1.0.0"
    unique-string "^1.0.0"
    write-file-atomic "^2.0.0"
    xdg-basedir "^3.0.0"

crypto-random-string@^1.0.0:
  version "1.0.0"
  resolved "https://registry.npm.taobao.org/crypto-random-string/download/crypto-random-string-1.0.0.tgz#a230f64f568310e1498009940790ec99545bca7e"
  integrity sha1-ojD2T1aDEOFJgAmUB5DsmVRbyn4=

dot-prop@^4.1.0:
  version "4.2.0"
  resolved "https://registry.npm.taobao.org/dot-prop/download/dot-prop-4.2.0.tgz#1f19e0c2e1aa0e32797c49799f2837ac6af69c57"
  integrity sha1-HxngwuGqDjJ5fEl5nyg3rGr2nFc=
  dependencies:
    is-obj "^1.0.0"

fast-xml-parser@^3.12.17:
  version "3.12.17"
  resolved "https://registry.npm.taobao.org/fast-xml-parser/download/fast-xml-parser-3.12.17.tgz#2d238f1fe118413192207892126ac7f107b0aafc"
  integrity sha1-LSOPH+EYQTGSIHiSEmrH8Qewqvw=
  dependencies:
    configstore "^4.0.0"
    nimnjs "^1.3.2"

graceful-fs@^4.1.11, graceful-fs@^4.1.2:
  version "4.2.0"
  resolved "https://registry.npm.taobao.org/graceful-fs/download/graceful-fs-4.2.0.tgz#8d8fdc73977cb04104721cb53666c1ca64cd328b"
  integrity sha1-jY/cc5d8sEEEchy1NmbBymTNMos=

he@^1.2.0:
  version "1.2.0"
  resolved "https://registry.npm.taobao.org/he/download/he-1.2.0.tgz#84ae65fa7eafb165fddb61566ae14baf05664f0f"
  integrity sha1-hK5l+n6vsWX922FWauFLrwVmTw8=

imurmurhash@^0.1.4:
  version "0.1.4"
  resolved "https://registry.npm.taobao.org/imurmurhash/download/imurmurhash-0.1.4.tgz#9218b9b2b928a238b13dc4fb6b6d576f231453ea"
  integrity sha1-khi5srkoojixPcT7a21XbyMUU+o=

is-obj@^1.0.0:
  version "1.0.1"
  resolved "https://registry.npm.taobao.org/is-obj/download/is-obj-1.0.1.tgz#3e4729ac1f5fde025cd7d83a896dab9f4f67db0f"
  integrity sha1-PkcprB9f3gJc19g6iW2rn09n2w8=

make-dir@^1.0.0:
  version "1.3.0"
  resolved "https://registry.npm.taobao.org/make-dir/download/make-dir-1.3.0.tgz#79c1033b80515bd6d24ec9933e860ca75ee27f0c"
  integrity sha1-ecEDO4BRW9bSTsmTPoYMp17ifww=
  dependencies:
    pify "^3.0.0"

nimn-date-parser@^1.0.0:
  version "1.0.0"
  resolved "https://registry.npm.taobao.org/nimn-date-parser/download/nimn-date-parser-1.0.0.tgz#4ce55d1fd5ea206bbe82b76276f7b7c582139351"
  integrity sha1-TOVdH9XqIGu+grdidve3xYITk1E=

nimn_schema_builder@^1.0.0:
  version "1.1.0"
  resolved "https://registry.npm.taobao.org/nimn_schema_builder/download/nimn_schema_builder-1.1.0.tgz#b370ccf5b647d66e50b2dcfb20d0aa12468cd247"
  integrity sha1-s3DM9bZH1m5Qstz7INCqEkaM0kc=

nimnjs@^1.3.2:
  version "1.3.2"
  resolved "https://registry.npm.taobao.org/nimnjs/download/nimnjs-1.3.2.tgz#a6a877968d87fad836375a4f616525e55079a5ba"
  integrity sha1-pqh3lo2H+tg2N1pPYWUl5VB5pbo=
  dependencies:
    nimn-date-parser "^1.0.0"
    nimn_schema_builder "^1.0.0"

pify@^3.0.0:
  version "3.0.0"
  resolved "https://registry.npm.taobao.org/pify/download/pify-3.0.0.tgz?cache=0&other_urls=https%3A%2F%2Fregistry.npm.taobao.org%2Fpify%2Fdownload%2Fpify-3.0.0.tgz#e5a4acd2c101fdf3d9a4d07f0dbc4db49dd28176"
  integrity sha1-5aSs0sEB/fPZpNB/DbxNtJ3SgXY=

signal-exit@^3.0.2:
  version "3.0.2"
  resolved "https://registry.npm.taobao.org/signal-exit/download/signal-exit-3.0.2.tgz#b5fdc08f1287ea1178628e415e25132b73646c6d"
  integrity sha1-tf3AjxKH6hF4Yo5BXiUTK3NkbG0=

unique-string@^1.0.0:
  version "1.0.0"
  resolved "https://registry.npm.taobao.org/unique-string/download/unique-string-1.0.0.tgz#9e1057cca851abb93398f8b33ae187b99caec11a"
  integrity sha1-nhBXzKhRq7kzmPizOuGHuZyuwRo=
  dependencies:
    crypto-random-string "^1.0.0"

write-file-atomic@^2.0.0:
  version "2.4.3"
  resolved "https://registry.npm.taobao.org/write-file-atomic/download/write-file-atomic-2.4.3.tgz#1fd2e9ae1df3e75b8d8c367443c692d4ca81f481"
  integrity sha1-H9Lprh3z51uNjDZ0Q8aS1MqB9IE=
  dependencies:
    graceful-fs "^4.1.11"
    imurmurhash "^0.1.4"
    signal-exit "^3.0.2"

xdg-basedir@^3.0.0:
  version "3.0.0"
  resolved "https://registry.npm.taobao.org/xdg-basedir/download/xdg-basedir-3.0.0.tgz#496b2cc109eca8dbacfe2dc72b603c17c5870ad4"
  integrity sha1-SWsswQnsqNus/i3HK2A8F8WHCtQ=
